// !$*UTF8*$!
{
	archiveVersion = 1;
	objectVersion = 46;
	objects = {

/* Begin PBXBuildFile section */
		5B0000000000000000000001 /* AppDelegate.swift in Sources */ = {isa = PBXBuildFile; fileRef = 5A0000000000000000000001 /* AppDelegate.swift */; };
		5B0000000000000000000002 /* AppServices.swift in Sources */ = {isa = PBXBuildFile; fileRef = 5A0000000000000000000002 /* AppServices.swift */; };
		5B0000000000000000000003 /* Constants.swift in Sources */ = {isa = PBXBuildFile; fileRef = 5A0000000000000000000003 /* Constants.swift */; };
		5B0000000000000000000004 /* SettingsStore.swift in Sources */ = {isa = PBXBuildFile; fileRef = 5A0000000000000000000004 /* SettingsStore.swift */; };
		5B0000000000000000000005 /* SHA256.swift in Sources */ = {isa = PBXBuildFile; fileRef = 5A0000000000000000000005 /* SHA256.swift */; };
		5B0000000000000000000006 /* HolidayCalendar.swift in Sources */ = {isa = PBXBuildFile; fileRef = 5A0000000000000000000006 /* HolidayCalendar.swift */; };
		5B0000000000000000000007 /* NightSchedule.swift in Sources */ = {isa = PBXBuildFile; fileRef = 5A0000000000000000000007 /* NightSchedule.swift */; };
		5B0000000000000000000008 /* MotionPhotoExtractor.swift in Sources */ = {isa = PBXBuildFile; fileRef = 5A0000000000000000000008 /* MotionPhotoExtractor.swift */; };
		5B0000000000000000000009 /* Database.swift in Sources */ = {isa = PBXBuildFile; fileRef = 5A0000000000000000000009 /* Database.swift */; };
		5B0000000000000000000010 /* PhotoIndexEntity.swift in Sources */ = {isa = PBXBuildFile; fileRef = 5A0000000000000000000010 /* PhotoIndexEntity.swift */; };
		5B0000000000000000000011 /* SMBClient.swift in Sources */ = {isa = PBXBuildFile; fileRef = 5A0000000000000000000011 /* SMBClient.swift */; };
		5B0000000000000000000012 /* NasRepository.swift in Sources */ = {isa = PBXBuildFile; fileRef = 5A0000000000000000000012 /* NasRepository.swift */; };
		5B0000000000000000000013 /* PhotoRepository.swift in Sources */ = {isa = PBXBuildFile; fileRef = 5A0000000000000000000013 /* PhotoRepository.swift */; };
		5B0000000000000000000014 /* CacheManager.swift in Sources */ = {isa = PBXBuildFile; fileRef = 5A0000000000000000000014 /* CacheManager.swift */; };
		5B0000000000000000000015 /* ScanCoordinator.swift in Sources */ = {isa = PBXBuildFile; fileRef = 5A0000000000000000000015 /* ScanCoordinator.swift */; };
		5B0000000000000000000016 /* UIHelpers.swift in Sources */ = {isa = PBXBuildFile; fileRef = 5A0000000000000000000016 /* UIHelpers.swift */; };
		5B0000000000000000000017 /* FaceCenterDetector.swift in Sources */ = {isa = PBXBuildFile; fileRef = 5A0000000000000000000017 /* FaceCenterDetector.swift */; };
		5B0000000000000000000018 /* DateStampView.swift in Sources */ = {isa = PBXBuildFile; fileRef = 5A0000000000000000000018 /* DateStampView.swift */; };
		5B0000000000000000000019 /* ClockController.swift in Sources */ = {isa = PBXBuildFile; fileRef = 5A0000000000000000000019 /* ClockController.swift */; };
		5B0000000000000000000020 /* ClockAppearance.swift in Sources */ = {isa = PBXBuildFile; fileRef = 5A0000000000000000000020 /* ClockAppearance.swift */; };
		5B0000000000000000000021 /* SlideshowEngine.swift in Sources */ = {isa = PBXBuildFile; fileRef = 5A0000000000000000000021 /* SlideshowEngine.swift */; };
		5B0000000000000000000022 /* StageRenderer.swift in Sources */ = {isa = PBXBuildFile; fileRef = 5A0000000000000000000022 /* StageRenderer.swift */; };
		5B0000000000000000000023 /* SlideshowViewController.swift in Sources */ = {isa = PBXBuildFile; fileRef = 5A0000000000000000000023 /* SlideshowViewController.swift */; };
		5B0000000000000000000024 /* MainViewController.swift in Sources */ = {isa = PBXBuildFile; fileRef = 5A0000000000000000000024 /* MainViewController.swift */; };
		5B0000000000000000000025 /* DirBrowserViewController.swift in Sources */ = {isa = PBXBuildFile; fileRef = 5A0000000000000000000025 /* DirBrowserViewController.swift */; };
		5B0000000000000000000026 /* SettingsViewController.swift in Sources */ = {isa = PBXBuildFile; fileRef = 5A0000000000000000000026 /* SettingsViewController.swift */; };
		5B0000000000000000000027 /* ClockAppearanceViewController.swift in Sources */ = {isa = PBXBuildFile; fileRef = 5A0000000000000000000027 /* ClockAppearanceViewController.swift */; };
		5B0000000000000000000028 /* LaunchScreen.storyboard in Resources */ = {isa = PBXBuildFile; fileRef = 5A0000000000000000000029 /* LaunchScreen.storyboard */; };
/* End PBXBuildFile section */

/* Begin PBXFileReference section */
		5A0000000000000000000001 /* AppDelegate.swift */ = {isa = PBXFileReference; fileEncoding = 4; lastKnownFileType = sourcecode.swift; path = AppDelegate.swift; sourceTree = "<group>"; };
		5A0000000000000000000002 /* AppServices.swift */ = {isa = PBXFileReference; fileEncoding = 4; lastKnownFileType = sourcecode.swift; path = AppServices.swift; sourceTree = "<group>"; };
		5A0000000000000000000003 /* Constants.swift */ = {isa = PBXFileReference; fileEncoding = 4; lastKnownFileType = sourcecode.swift; path = Constants.swift; sourceTree = "<group>"; };
		5A0000000000000000000004 /* SettingsStore.swift */ = {isa = PBXFileReference; fileEncoding = 4; lastKnownFileType = sourcecode.swift; path = SettingsStore.swift; sourceTree = "<group>"; };
		5A0000000000000000000005 /* SHA256.swift */ = {isa = PBXFileReference; fileEncoding = 4; lastKnownFileType = sourcecode.swift; path = SHA256.swift; sourceTree = "<group>"; };
		5A0000000000000000000006 /* HolidayCalendar.swift */ = {isa = PBXFileReference; fileEncoding = 4; lastKnownFileType = sourcecode.swift; path = HolidayCalendar.swift; sourceTree = "<group>"; };
		5A0000000000000000000007 /* NightSchedule.swift */ = {isa = PBXFileReference; fileEncoding = 4; lastKnownFileType = sourcecode.swift; path = NightSchedule.swift; sourceTree = "<group>"; };
		5A0000000000000000000008 /* MotionPhotoExtractor.swift */ = {isa = PBXFileReference; fileEncoding = 4; lastKnownFileType = sourcecode.swift; path = MotionPhotoExtractor.swift; sourceTree = "<group>"; };
		5A0000000000000000000009 /* Database.swift */ = {isa = PBXFileReference; fileEncoding = 4; lastKnownFileType = sourcecode.swift; path = Database.swift; sourceTree = "<group>"; };
		5A0000000000000000000010 /* PhotoIndexEntity.swift */ = {isa = PBXFileReference; fileEncoding = 4; lastKnownFileType = sourcecode.swift; path = PhotoIndexEntity.swift; sourceTree = "<group>"; };
		5A0000000000000000000011 /* SMBClient.swift */ = {isa = PBXFileReference; fileEncoding = 4; lastKnownFileType = sourcecode.swift; path = SMBClient.swift; sourceTree = "<group>"; };
		5A0000000000000000000012 /* NasRepository.swift */ = {isa = PBXFileReference; fileEncoding = 4; lastKnownFileType = sourcecode.swift; path = NasRepository.swift; sourceTree = "<group>"; };
		5A0000000000000000000013 /* PhotoRepository.swift */ = {isa = PBXFileReference; fileEncoding = 4; lastKnownFileType = sourcecode.swift; path = PhotoRepository.swift; sourceTree = "<group>"; };
		5A0000000000000000000014 /* CacheManager.swift */ = {isa = PBXFileReference; fileEncoding = 4; lastKnownFileType = sourcecode.swift; path = CacheManager.swift; sourceTree = "<group>"; };
		5A0000000000000000000015 /* ScanCoordinator.swift */ = {isa = PBXFileReference; fileEncoding = 4; lastKnownFileType = sourcecode.swift; path = ScanCoordinator.swift; sourceTree = "<group>"; };
		5A0000000000000000000016 /* UIHelpers.swift */ = {isa = PBXFileReference; fileEncoding = 4; lastKnownFileType = sourcecode.swift; path = UIHelpers.swift; sourceTree = "<group>"; };
		5A0000000000000000000017 /* FaceCenterDetector.swift */ = {isa = PBXFileReference; fileEncoding = 4; lastKnownFileType = sourcecode.swift; path = FaceCenterDetector.swift; sourceTree = "<group>"; };
		5A0000000000000000000018 /* DateStampView.swift */ = {isa = PBXFileReference; fileEncoding = 4; lastKnownFileType = sourcecode.swift; path = DateStampView.swift; sourceTree = "<group>"; };
		5A0000000000000000000019 /* ClockController.swift */ = {isa = PBXFileReference; fileEncoding = 4; lastKnownFileType = sourcecode.swift; path = ClockController.swift; sourceTree = "<group>"; };
		5A0000000000000000000020 /* ClockAppearance.swift */ = {isa = PBXFileReference; fileEncoding = 4; lastKnownFileType = sourcecode.swift; path = ClockAppearance.swift; sourceTree = "<group>"; };
		5A0000000000000000000021 /* SlideshowEngine.swift */ = {isa = PBXFileReference; fileEncoding = 4; lastKnownFileType = sourcecode.swift; path = SlideshowEngine.swift; sourceTree = "<group>"; };
		5A0000000000000000000022 /* StageRenderer.swift */ = {isa = PBXFileReference; fileEncoding = 4; lastKnownFileType = sourcecode.swift; path = StageRenderer.swift; sourceTree = "<group>"; };
		5A0000000000000000000023 /* SlideshowViewController.swift */ = {isa = PBXFileReference; fileEncoding = 4; lastKnownFileType = sourcecode.swift; path = SlideshowViewController.swift; sourceTree = "<group>"; };
		5A0000000000000000000024 /* MainViewController.swift */ = {isa = PBXFileReference; fileEncoding = 4; lastKnownFileType = sourcecode.swift; path = MainViewController.swift; sourceTree = "<group>"; };
		5A0000000000000000000025 /* DirBrowserViewController.swift */ = {isa = PBXFileReference; fileEncoding = 4; lastKnownFileType = sourcecode.swift; path = DirBrowserViewController.swift; sourceTree = "<group>"; };
		5A0000000000000000000026 /* SettingsViewController.swift */ = {isa = PBXFileReference; fileEncoding = 4; lastKnownFileType = sourcecode.swift; path = SettingsViewController.swift; sourceTree = "<group>"; };
		5A0000000000000000000027 /* ClockAppearanceViewController.swift */ = {isa = PBXFileReference; fileEncoding = 4; lastKnownFileType = sourcecode.swift; path = ClockAppearanceViewController.swift; sourceTree = "<group>"; };
		5A0000000000000000000028 /* Info.plist */ = {isa = PBXFileReference; fileEncoding = 4; lastKnownFileType = text.plist.xml; path = Info.plist; sourceTree = "<group>"; };
		5A0000000000000000000029 /* LaunchScreen.storyboard */ = {isa = PBXFileReference; fileEncoding = 4; lastKnownFileType = file.storyboard; path = LaunchScreen.storyboard; sourceTree = "<group>"; };
		5E0000000000000000000001 /* NASPhotoAlbum.app */ = {isa = PBXFileReference; explicitFileType = wrapper.application; includeInIndex = 0; path = NASPhotoAlbum.app; sourceTree = BUILT_PRODUCTS_DIR; };
/* End PBXFileReference section */

/* Begin PBXFrameworksBuildPhase section */
		5D0000000000000000000004 /* Frameworks */ = {
			isa = PBXFrameworksBuildPhase;
			buildActionMask = 2147483647;
			files = (
			);
			runOnlyForDeploymentPostprocessing = 0;
		};
/* End PBXFrameworksBuildPhase section */

/* Begin PBXGroup section */
		5C0000000000000000000005 = {
			isa = PBXGroup;
			children = (
				5C0000000000000000000001 /* NASPhotoAlbum */,
				5C0000000000000000000006 /* Products */,
			);
			sourceTree = "<group>";
		};
		5C0000000000000000000006 /* Products */ = {
			isa = PBXGroup;
			children = (
				5E0000000000000000000001 /* NASPhotoAlbum.app */,
			);
			name = Products;
			sourceTree = "<group>";
		};
		5C0000000000000000000001 /* NASPhotoAlbum */ = {
			isa = PBXGroup;
			children = (
				5A0000000000000000000001 /* AppDelegate.swift */,
				5A0000000000000000000002 /* AppServices.swift */,
				5C0000000000000000000002 /* Support */,
				5C0000000000000000000003 /* Data */,
				5C0000000000000000000004 /* UI */,
				5A0000000000000000000028 /* Info.plist */,
				5A0000000000000000000029 /* LaunchScreen.storyboard */,
			);
			path = NASPhotoAlbum;
			sourceTree = "<group>";
		};
		5C0000000000000000000002 /* Support */ = {
			isa = PBXGroup;
			children = (
				5A0000000000000000000003 /* Constants.swift */,
				5A0000000000000000000004 /* SettingsStore.swift */,
				5A0000000000000000000005 /* SHA256.swift */,
				5A0000000000000000000006 /* HolidayCalendar.swift */,
				5A0000000000000000000007 /* NightSchedule.swift */,
				5A0000000000000000000008 /* MotionPhotoExtractor.swift */,
			);
			path = Support;
			sourceTree = "<group>";
		};
		5C0000000000000000000003 /* Data */ = {
			isa = PBXGroup;
			children = (
				5A0000000000000000000009 /* Database.swift */,
				5A0000000000000000000010 /* PhotoIndexEntity.swift */,
				5A0000000000000000000011 /* SMBClient.swift */,
				5A0000000000000000000012 /* NasRepository.swift */,
				5A0000000000000000000013 /* PhotoRepository.swift */,
				5A0000000000000000000014 /* CacheManager.swift */,
				5A0000000000000000000015 /* ScanCoordinator.swift */,
			);
			path = Data;
			sourceTree = "<group>";
		};
		5C0000000000000000000004 /* UI */ = {
			isa = PBXGroup;
			children = (
				5A0000000000000000000016 /* UIHelpers.swift */,
				5A0000000000000000000017 /* FaceCenterDetector.swift */,
				5A0000000000000000000018 /* DateStampView.swift */,
				5A0000000000000000000019 /* ClockController.swift */,
				5A0000000000000000000020 /* ClockAppearance.swift */,
				5A0000000000000000000021 /* SlideshowEngine.swift */,
				5A0000000000000000000022 /* StageRenderer.swift */,
				5A0000000000000000000023 /* SlideshowViewController.swift */,
				5A0000000000000000000024 /* MainViewController.swift */,
				5A0000000000000000000025 /* DirBrowserViewController.swift */,
				5A0000000000000000000026 /* SettingsViewController.swift */,
				5A0000000000000000000027 /* ClockAppearanceViewController.swift */,
			);
			path = UI;
			sourceTree = "<group>";
		};
/* End PBXGroup section */

/* Begin PBXNativeTarget section */
		5D0000000000000000000002 /* NASPhotoAlbum */ = {
			isa = PBXNativeTarget;
			buildConfigurationList = 5D0000000000000000000007 /* Build configuration list for PBXNativeTarget "NASPhotoAlbum" */;
			buildPhases = (
				5D0000000000000000000003 /* Sources */,
				5D0000000000000000000004 /* Frameworks */,
				5D0000000000000000000005 /* Resources */,
			);
			buildRules = (
			);
			dependencies = (
			);
			name = NASPhotoAlbum;
			productName = NASPhotoAlbum;
			productReference = 5E0000000000000000000001 /* NASPhotoAlbum.app */;
			productType = "com.apple.product-type.application";
		};
/* End PBXNativeTarget section */

/* Begin PBXProject section */
		5D0000000000000000000001 /* Project object */ = {
			isa = PBXProject;
			attributes = {
				LastSwiftUpdateCheck = 1240;
				LastUpgradeCheck = 1240;
				TargetAttributes = {
					5D0000000000000000000002 = {
						CreatedOnToolsVersion = 12.4;
					};
				};
			};
			buildConfigurationList = 5D0000000000000000000006 /* Build configuration list for PBXProject "NASPhotoAlbum" */;
			compatibilityVersion = "Xcode 9.3";
			developmentRegion = zh_CN;
			hasScannedForEncodings = 0;
			knownRegions = (
				en,
				"zh-Hans",
				Base,
			);
			mainGroup = 5C0000000000000000000005;
			productRefGroup = 5C0000000000000000000006 /* Products */;
			projectDirPath = "";
			projectRoot = "";
			targets = (
				5D0000000000000000000002 /* NASPhotoAlbum */,
			);
		};
/* End PBXProject section */

/* Begin PBXResourcesBuildPhase section */
		5D0000000000000000000005 /* Resources */ = {
			isa = PBXResourcesBuildPhase;
			buildActionMask = 2147483647;
			files = (
				5B0000000000000000000028 /* LaunchScreen.storyboard in Resources */,
			);
			runOnlyForDeploymentPostprocessing = 0;
		};
/* End PBXResourcesBuildPhase section */

/* Begin PBXSourcesBuildPhase section */
		5D0000000000000000000003 /* Sources */ = {
			isa = PBXSourcesBuildPhase;
			buildActionMask = 2147483647;
			files = (
				5B0000000000000000000001 /* AppDelegate.swift in Sources */,
				5B0000000000000000000002 /* AppServices.swift in Sources */,
				5B0000000000000000000003 /* Constants.swift in Sources */,
				5B0000000000000000000004 /* SettingsStore.swift in Sources */,
				5B0000000000000000000005 /* SHA256.swift in Sources */,
				5B0000000000000000000006 /* HolidayCalendar.swift in Sources */,
				5B0000000000000000000007 /* NightSchedule.swift in Sources */,
				5B0000000000000000000008 /* MotionPhotoExtractor.swift in Sources */,
				5B0000000000000000000009 /* Database.swift in Sources */,
				5B0000000000000000000010 /* PhotoIndexEntity.swift in Sources */,
				5B0000000000000000000011 /* SMBClient.swift in Sources */,
				5B0000000000000000000012 /* NasRepository.swift in Sources */,
				5B0000000000000000000013 /* PhotoRepository.swift in Sources */,
				5B0000000000000000000014 /* CacheManager.swift in Sources */,
				5B0000000000000000000015 /* ScanCoordinator.swift in Sources */,
				5B0000000000000000000016 /* UIHelpers.swift in Sources */,
				5B0000000000000000000017 /* FaceCenterDetector.swift in Sources */,
				5B0000000000000000000018 /* DateStampView.swift in Sources */,
				5B0000000000000000000019 /* ClockController.swift in Sources */,
				5B0000000000000000000020 /* ClockAppearance.swift in Sources */,
				5B0000000000000000000021 /* SlideshowEngine.swift in Sources */,
				5B0000000000000000000022 /* StageRenderer.swift in Sources */,
				5B0000000000000000000023 /* SlideshowViewController.swift in Sources */,
				5B0000000000000000000024 /* MainViewController.swift in Sources */,
				5B0000000000000000000025 /* DirBrowserViewController.swift in Sources */,
				5B0000000000000000000026 /* SettingsViewController.swift in Sources */,
				5B0000000000000000000027 /* ClockAppearanceViewController.swift in Sources */,
			);
			runOnlyForDeploymentPostprocessing = 0;
		};
/* End PBXSourcesBuildPhase section */

/* Begin XCBuildConfiguration section */
		5D0000000000000000000008 /* Debug */ = {
			isa = XCBuildConfiguration;
			buildSettings = {
				ALWAYS_SEARCH_USER_PATHS = NO;
				CLANG_ANALYZER_NONNULL = YES;
				CLANG_ANALYZER_NUMBER_OBJECT_CONVERSION = YES_AGGRESSIVE;
				CLANG_CXX_LANGUAGE_STANDARD = "gnu++14";
				CLANG_CXX_LIBRARY = "libc++";
				CLANG_ENABLE_MODULES = YES;
				CLANG_ENABLE_OBJC_ARC = YES;
				CLANG_ENABLE_OBJC_WEAK = YES;
				CLANG_WARN_BLOCK_CAPTURE_AUTORELEASING = YES;
				CLANG_WARN_BOOL_CONVERSION = YES;
				CLANG_WARN_COMMA = YES;
				CLANG_WARN_CONSTANT_CONVERSION = YES;
				CLANG_WARN_DEPRECATED_OBJC_IMPLEMENTATIONS = YES;
				CLANG_WARN_DIRECT_OBJC_ISA_USAGE = YES_ERROR;
				CLANG_WARN_DOCUMENTATION_COMMENTS = YES;
				CLANG_WARN_EMPTY_BODY = YES;
				CLANG_WARN_ENUM_CONVERSION = YES;
				CLANG_WARN_INFINITE_RECURSION = YES;
				CLANG_WARN_INT_CONVERSION = YES;
				CLANG_WARN_NON_LITERAL_NULL_CONVERSION = YES;
				CLANG_WARN_OBJC_IMPLICIT_RETAIN_SELF = YES;
				CLANG_WARN_OBJC_LITERAL_CONVERSION = YES;
				CLANG_WARN_OBJC_ROOT_CLASS = YES_ERROR;
				CLANG_WARN_QUOTED_INCLUDE_IN_FRAMEWORK_HEADER = YES;
				CLANG_WARN_RANGE_LOOP_ANALYSIS = YES;
				CLANG_WARN_STRICT_PROTOTYPES = YES;
				CLANG_WARN_SUSPICIOUS_MOVE = YES;
				CLANG_WARN_UNGUARDED_AVAILABILITY = YES_AGGRESSIVE;
				CLANG_WARN_UNREACHABLE_CODE = YES;
				CLANG_WARN__DUPLICATE_METHOD_MATCH = YES;
				COPY_PHASE_STRIP = NO;
				DEBUG_INFORMATION_FORMAT = dwarf;
				ENABLE_STRICT_OBJC_MSGSEND = YES;
				ENABLE_TESTABILITY = YES;
				GCC_C_LANGUAGE_STANDARD = gnu11;
				GCC_DYNAMIC_NO_PIC = NO;
				GCC_NO_COMMON_BLOCKS = YES;
				GCC_OPTIMIZATION_LEVEL = 0;
				GCC_PREPROCESSOR_DEFINITIONS = (
					"DEBUG=1",
					"$(inherited)",
				);
				GCC_WARN_64_TO_32_BIT_CONVERSION = YES;
				GCC_WARN_ABOUT_RETURN_TYPE = YES_ERROR;
				GCC_WARN_UNDECLARED_SELECTOR = YES;
				GCC_WARN_UNINITIALIZED_AUTOS = YES_AGGRESSIVE;
				GCC_WARN_UNUSED_FUNCTION = YES;
				GCC_WARN_UNUSED_VARIABLE = YES;
				MTL_ENABLE_DEBUG_INFO = INCLUDE_SOURCE;
				MTL_FAST_MATH = YES;
				ONLY_ACTIVE_ARCH = YES;
				SDKROOT = iphoneos;
				SWIFT_ACTIVE_COMPILATION_CONDITIONS = DEBUG;
				SWIFT_OPTIMIZATION_LEVEL = "-Onone";
			};
			name = Debug;
		};
		5D0000000000000000000009 /* Release */ = {
			isa = XCBuildConfiguration;
			buildSettings = {
				ALWAYS_SEARCH_USER_PATHS = NO;
				CLANG_ANALYZER_NONNULL = YES;
				CLANG_ANALYZER_NUMBER_OBJECT_CONVERSION = YES_AGGRESSIVE;
				CLANG_CXX_LANGUAGE_STANDARD = "gnu++14";
				CLANG_CXX_LIBRARY = "libc++";
				CLANG_ENABLE_MODULES = YES;
				CLANG_ENABLE_OBJC_ARC = YES;
				CLANG_ENABLE_OBJC_WEAK = YES;
				CLANG_WARN_BLOCK_CAPTURE_AUTORELEASING = YES;
				CLANG_WARN_BOOL_CONVERSION = YES;
				CLANG_WARN_COMMA = YES;
				CLANG_WARN_CONSTANT_CONVERSION = YES;
				CLANG_WARN_DEPRECATED_OBJC_IMPLEMENTATIONS = YES;
				CLANG_WARN_DIRECT_OBJC_ISA_USAGE = YES_ERROR;
				CLANG_WARN_DOCUMENTATION_COMMENTS = YES;
				CLANG_WARN_EMPTY_BODY = YES;
				CLANG_WARN_ENUM_CONVERSION = YES;
				CLANG_WARN_INFINITE_RECURSION = YES;
				CLANG_WARN_INT_CONVERSION = YES;
				CLANG_WARN_NON_LITERAL_NULL_CONVERSION = YES;
				CLANG_WARN_OBJC_IMPLICIT_RETAIN_SELF = YES;
				CLANG_WARN_OBJC_LITERAL_CONVERSION = YES;
				CLANG_WARN_OBJC_ROOT_CLASS = YES_ERROR;
				CLANG_WARN_QUOTED_INCLUDE_IN_FRAMEWORK_HEADER = YES;
				CLANG_WARN_RANGE_LOOP_ANALYSIS = YES;
				CLANG_WARN_STRICT_PROTOTYPES = YES;
				CLANG_WARN_SUSPICIOUS_MOVE = YES;
				CLANG_WARN_UNGUARDED_AVAILABILITY = YES_AGGRESSIVE;
				CLANG_WARN_UNREACHABLE_CODE = YES;
				CLANG_WARN__DUPLICATE_METHOD_MATCH = YES;
				COPY_PHASE_STRIP = NO;
				VALIDATE_PRODUCT = YES;
				ENABLE_NS_ASSERTIONS = NO;
				ENABLE_STRICT_OBJC_MSGSEND = YES;
				GCC_C_LANGUAGE_STANDARD = gnu11;
				GCC_NO_COMMON_BLOCKS = YES;
				GCC_OPTIMIZATION_LEVEL = s;
				GCC_WARN_64_TO_32_BIT_CONVERSION = YES;
				GCC_WARN_ABOUT_RETURN_TYPE = YES_ERROR;
				GCC_WARN_UNDECLARED_SELECTOR = YES;
				GCC_WARN_UNINITIALIZED_AUTOS = YES_AGGRESSIVE;
				GCC_WARN_UNUSED_FUNCTION = YES;
				GCC_WARN_UNUSED_VARIABLE = YES;
				MTL_ENABLE_DEBUG_INFO = NO;
				MTL_FAST_MATH = YES;
				SDKROOT = iphoneos;
				SWIFT_COMPILATION_MODE = wholemodule;
				SWIFT_OPTIMIZATION_LEVEL = "-O";
			};
			name = Release;
		};
		5D000000000000000000000A /* Debug */ = {
			isa = XCBuildConfiguration;
			buildSettings = {
				CODE_SIGN_STYLE = Automatic;
				INFOPLIST_FILE = NASPhotoAlbum/Info.plist;
				IPHONEOS_DEPLOYMENT_TARGET = 12.0;
				LD_RUNPATH_SEARCH_PATHS = (
					"$(inherited)",
					"@executable_path/Frameworks",
				);
				PRODUCT_BUNDLE_IDENTIFIER = com.example.nasphotoalbum;
				PRODUCT_NAME = "$(TARGET_NAME)";
				SWIFT_VERSION = 5.0;
				TARGETED_DEVICE_FAMILY = "1,2";
			};
			name = Debug;
		};
		5D000000000000000000000B /* Release */ = {
			isa = XCBuildConfiguration;
			buildSettings = {
				CODE_SIGN_STYLE = Automatic;
				INFOPLIST_FILE = NASPhotoAlbum/Info.plist;
				IPHONEOS_DEPLOYMENT_TARGET = 12.0;
				LD_RUNPATH_SEARCH_PATHS = (
					"$(inherited)",
					"@executable_path/Frameworks",
				);
				PRODUCT_BUNDLE_IDENTIFIER = com.example.nasphotoalbum;
				PRODUCT_NAME = "$(TARGET_NAME)";
				SWIFT_VERSION = 5.0;
				TARGETED_DEVICE_FAMILY = "1,2";
			};
			name = Release;
		};
/* End XCBuildConfiguration section */

/* Begin XCConfigurationList section */
		5D0000000000000000000006 /* Build configuration list for PBXProject "NASPhotoAlbum" */ = {
			isa = XCConfigurationList;
			buildConfigurations = (
				5D0000000000000000000008 /* Debug */,
				5D0000000000000000000009 /* Release */,
			);
			defaultConfigurationIsVisible = 0;
			defaultConfigurationName = Release;
		};
		5D0000000000000000000007 /* Build configuration list for PBXNativeTarget "NASPhotoAlbum" */ = {
			isa = XCConfigurationList;
			buildConfigurations = (
				5D000000000000000000000A /* Debug */,
				5D000000000000000000000B /* Release */,
			);
			defaultConfigurationIsVisible = 0;
			defaultConfigurationName = Release;
		};
/* End XCConfigurationList section */
	};
	rootObject = 5D0000000000000000000001 /* Project object */;
}
